
Microsoft Visual Studio Solution File, Format Version 12.00
# Visual Studio Version 17
VisualStudioVersion = 17.9.34728.123
MinimumVisualStudioVersion = 10.0.40219.1
Project("{FAE04EC0-301F-11D3-BF4B-00C04F79EFBC}") = "Gestor de tarefas", "Gestor de tarefas.csproj", "{FCFAB655-7988-4FDD-80D8-2A7DE6BE3226}"
EndProject
Global
	GlobalSection(SolutionConfigurationPlatforms) = preSolution
		Debug|Any CPU = Debug|Any CPU
		Release|Any CPU = Release|Any CPU
	EndGlobalSection
	GlobalSection(ProjectConfigurationPlatforms) = postSolution
		{FCFAB655-7988-4FDD-80D8-2A7DE6BE3226}.Debug|Any CPU.ActiveCfg = Debug|Any CPU
		{FCFAB655-7988-4FDD-80D8-2A7DE6BE3226}.Debug|Any CPU.Build.0 = Debug|Any CPU
		{FCFAB655-7988-4FDD-80D8-2A7DE6BE3226}.Release|Any CPU.ActiveCfg = Release|Any CPU
		{FCFAB655-7988-4FDD-80D8-2A7DE6BE3226}.Release|Any CPU.Build.0 = Release|Any CPU
	EndGlobalSection
	GlobalSection(SolutionProperties) = preSolution
		HideSolutionNode = FALSE
	EndGlobalSection
	GlobalSection(ExtensibilityGlobals) = postSolution
		SolutionGuid = {8D34CD54-57C7-4F36-A121-A93306C08B6E}
	EndGlobalSection
EndGlobal
